
Microsoft Visual Studio Solution File, Format Version 12.00
# Visual Studio Version 17
VisualStudioVersion = 17.3.32929.385
MinimumVisualStudioVersion = 10.0.40219.1
Project("{9A19103F-16F7-4668-BE54-9A1E7A4F7556}") = "bUnitDemo.Web", "bUnitDemo.Web\bUnitDemo.Web.csproj", "{365B62E8-60DE-4E56-B108-FF7D406DC73F}"
EndProject
Project("{9A19103F-16F7-4668-BE54-9A1E7A4F7556}") = "bUnitDemo.Shared", "bUnitDemo.Shared\bUnitDemo.Shared.csproj", "{7CAD5B08-183D-46EF-9983-9DB61FEEB219}"
EndProject
Project("{9A19103F-16F7-4668-BE54-9A1E7A4F7556}") = "bUnitDemo.Test", "bUnitDemo.Test\bUnitDemo.Test.csproj", "{368F8EC3-3797-4E19-B8CE-0B94F142B595}"
EndProject
Global
	GlobalSection(SolutionConfigurationPlatforms) = preSolution
		Debug|Any CPU = Debug|Any CPU
		Release|Any CPU = Release|Any CPU
	EndGlobalSection
	GlobalSection(ProjectConfigurationPlatforms) = postSolution
		{365B62E8-60DE-4E56-B108-FF7D406DC73F}.Debug|Any CPU.ActiveCfg = Debug|Any CPU
		{365B62E8-60DE-4E56-B108-FF7D406DC73F}.Debug|Any CPU.Build.0 = Debug|Any CPU
		{365B62E8-60DE-4E56-B108-FF7D406DC73F}.Release|Any CPU.ActiveCfg = Release|Any CPU
		{365B62E8-60DE-4E56-B108-FF7D406DC73F}.Release|Any CPU.Build.0 = Release|Any CPU
		{7CAD5B08-183D-46EF-9983-9DB61FEEB219}.Debug|Any CPU.ActiveCfg = Debug|Any CPU
		{7CAD5B08-183D-46EF-9983-9DB61FEEB219}.Debug|Any CPU.Build.0 = Debug|Any CPU
		{7CAD5B08-183D-46EF-9983-9DB61FEEB219}.Release|Any CPU.ActiveCfg = Release|Any CPU
		{7CAD5B08-183D-46EF-9983-9DB61FEEB219}.Release|Any CPU.Build.0 = Release|Any CPU
		{368F8EC3-3797-4E19-B8CE-0B94F142B595}.Debug|Any CPU.ActiveCfg = Debug|Any CPU
		{368F8EC3-3797-4E19-B8CE-0B94F142B595}.Debug|Any CPU.Build.0 = Debug|Any CPU
		{368F8EC3-3797-4E19-B8CE-0B94F142B595}.Release|Any CPU.ActiveCfg = Release|Any CPU
		{368F8EC3-3797-4E19-B8CE-0B94F142B595}.Release|Any CPU.Build.0 = Release|Any CPU
	EndGlobalSection
	GlobalSection(SolutionProperties) = preSolution
		HideSolutionNode = FALSE
	EndGlobalSection
	GlobalSection(ExtensibilityGlobals) = postSolution
		SolutionGuid = {58B4C117-3510-4737-B3C1-AF78CB7694A7}
	EndGlobalSection
EndGlobal
